
Microsoft Visual Studio Solution File, Format Version 12.00
# Visual Studio Version 17
VisualStudioVersion = 17.8.34511.84
MinimumVisualStudioVersion = 10.0.40219.1
Project("{9A19103F-16F7-4668-BE54-9A1E7A4F7556}") = "FootBlobTickets", "FootBlobTickets\FootBlobTickets.csproj", "{F86841FC-6B2E-422F-A4D8-1EF6380CE63B}"
EndProject
Project("{9A19103F-16F7-4668-BE54-9A1E7A4F7556}") = "func-update-fixtures", "func-update-fixtures\func-update-fixtures.csproj", "{12C66011-E33E-45DB-88F5-A4800678431A}"
EndProject
Project("{9A19103F-16F7-4668-BE54-9A1E7A4F7556}") = "func-ticketGenerator", "func-ticketGenerator\func-ticketGenerator.csproj", "{0DD670E8-99D2-4317-8283-347EBAC90F49}"
EndProject
Project("{9A19103F-16F7-4668-BE54-9A1E7A4F7556}") = "FootBlobSBFunc", "FootBlobSBFunc\FootBlobSBFunc.csproj", "{9E4B949C-E61E-4486-ACBE-7E21C4E406CB}"
EndProject
Global
	GlobalSection(SolutionConfigurationPlatforms) = preSolution
		Debug|Any CPU = Debug|Any CPU
		Release|Any CPU = Release|Any CPU
	EndGlobalSection
	GlobalSection(ProjectConfigurationPlatforms) = postSolution
		{F86841FC-6B2E-422F-A4D8-1EF6380CE63B}.Debug|Any CPU.ActiveCfg = Debug|Any CPU
		{F86841FC-6B2E-422F-A4D8-1EF6380CE63B}.Debug|Any CPU.Build.0 = Debug|Any CPU
		{F86841FC-6B2E-422F-A4D8-1EF6380CE63B}.Release|Any CPU.ActiveCfg = Release|Any CPU
		{F86841FC-6B2E-422F-A4D8-1EF6380CE63B}.Release|Any CPU.Build.0 = Release|Any CPU
		{12C66011-E33E-45DB-88F5-A4800678431A}.Debug|Any CPU.ActiveCfg = Debug|Any CPU
		{12C66011-E33E-45DB-88F5-A4800678431A}.Debug|Any CPU.Build.0 = Debug|Any CPU
		{12C66011-E33E-45DB-88F5-A4800678431A}.Release|Any CPU.ActiveCfg = Release|Any CPU
		{12C66011-E33E-45DB-88F5-A4800678431A}.Release|Any CPU.Build.0 = Release|Any CPU
		{0DD670E8-99D2-4317-8283-347EBAC90F49}.Debug|Any CPU.ActiveCfg = Debug|Any CPU
		{0DD670E8-99D2-4317-8283-347EBAC90F49}.Debug|Any CPU.Build.0 = Debug|Any CPU
		{0DD670E8-99D2-4317-8283-347EBAC90F49}.Release|Any CPU.ActiveCfg = Release|Any CPU
		{0DD670E8-99D2-4317-8283-347EBAC90F49}.Release|Any CPU.Build.0 = Release|Any CPU
		{9E4B949C-E61E-4486-ACBE-7E21C4E406CB}.Debug|Any CPU.ActiveCfg = Debug|Any CPU
		{9E4B949C-E61E-4486-ACBE-7E21C4E406CB}.Debug|Any CPU.Build.0 = Debug|Any CPU
		{9E4B949C-E61E-4486-ACBE-7E21C4E406CB}.Release|Any CPU.ActiveCfg = Release|Any CPU
		{9E4B949C-E61E-4486-ACBE-7E21C4E406CB}.Release|Any CPU.Build.0 = Release|Any CPU
	EndGlobalSection
	GlobalSection(SolutionProperties) = preSolution
		HideSolutionNode = FALSE
	EndGlobalSection
	GlobalSection(ExtensibilityGlobals) = postSolution
		SolutionGuid = {012305D6-FC8A-4F76-9B6D-791580AD1506}
	EndGlobalSection
EndGlobal
